# This file was autogenerated by Stack.
# You should not edit this file by hand.
# For more information, please see the documentation at:
#   https://docs.haskellstack.org/en/stable/topics/lock_files

packages:
- completed:
    hackage: double-x-encoding-1.2.1@sha256:9dfc5a74ad82f507a5adeeddc7e32545cde04d11716fc44cd9bd2160bb38fb4c,1813
    pantry-tree:
      sha256: 9d0d9316d3da245a690dabecee9fb1797a10e09344758e9b8e7f7cb2728b5c04
      size: 237
  original:
    hackage: double-x-encoding-1.2.1
- completed:
    hackage: graphql-spice-1.0.5.0@sha256:87e3c4b4770b66c99f66f17602d691ac0c679743d6434d3bfe0e9eab19b6494f,2215
    pantry-tree:
      sha256: 3e87ec9671176921f0ac7e3547e45d2dd22ad31c91c8fc418a74fe786b28733a
      size: 938
  original:
    hackage: graphql-spice-1.0.5.0
- completed:
    name: simple-sql-parser
    pantry-tree:
      sha256: 6f0184986152e9fdc7dcf5e00e14354bc0e42aa6dd010ffc473f09fcf7df7f02
      size: 3886
    sha256: ac438d98abc68b667458c143f114ef00d32a08c478c6175cd0ce956f3cb31a03
    size: 142998
    url: https://github.com/Airsequel/simple-sql-parser/archive/ab82249523cd6a68ca9481b2de8436f89eca56db.tar.gz
    version: 0.8.0
  original:
    url: https://github.com/Airsequel/simple-sql-parser/archive/ab82249523cd6a68ca9481b2de8436f89eca56db.tar.gz
snapshots:
- completed:
    sha256: d133abe75e408a407cce3f032c96ac1bbadf474a93b5156ebf4135b53382d56b
    size: 683827
    url: https://raw.githubusercontent.com/commercialhaskell/stackage-snapshots/master/lts/23/18.yaml
  original: lts-23.18
